// !$*UTF8*$!
{
	archiveVersion = 1;
	classes = {
	};
	objectVersion = 48;
	objects = {

/* Begin PBXBuildFile section */
		8B2B9CB220AEDE1100E7D11B /* TotsViewController.swift in Sources */ = {isa = PBXBuildFile; fileRef = 8B2B9CB120AEDE1100E7D11B /* TotsViewController.swift */; };
		8B2B9CB420AEE7F100E7D11B /* SignUpViewController.swift in Sources */ = {isa = PBXBuildFile; fileRef = 8B2B9CB320AEE7F100E7D11B /* SignUpViewController.swift */; };
		8B3336F820AF10620089CB60 /* TotTableViewCell.swift in Sources */ = {isa = PBXBuildFile; fileRef = 8B3336F720AF10620089CB60 /* TotTableViewCell.swift */; };
		8B3336FC20AF1DE10089CB60 /* Message.swift in Sources */ = {isa = PBXBuildFile; fileRef = 8B3336FB20AF1DE10089CB60 /* Message.swift */; };
		8B3336FE20AF1E840089CB60 /* User.swift in Sources */ = {isa = PBXBuildFile; fileRef = 8B3336FD20AF1E840089CB60 /* User.swift */; };
		8B33370020AF20EC0089CB60 /* Header.swift in Sources */ = {isa = PBXBuildFile; fileRef = 8B3336FF20AF20EC0089CB60 /* Header.swift */; };
		8B6CEAFA20AD701100038231 /* AppDelegate.swift in Sources */ = {isa = PBXBuildFile; fileRef = 8B6CEAF920AD701100038231 /* AppDelegate.swift */; };
		8B6CEAFC20AD701100038231 /* ViewController.swift in Sources */ = {isa = PBXBuildFile; fileRef = 8B6CEAFB20AD701100038231 /* ViewController.swift */; };
		8B6CEAFF20AD701100038231 /* Main.storyboard in Resources */ = {isa = PBXBuildFile; fileRef = 8B6CEAFD20AD701100038231 /* Main.storyboard */; };
		8B6CEB0120AD701100038231 /* Assets.xcassets in Resources */ = {isa = PBXBuildFile; fileRef = 8B6CEB0020AD701100038231 /* Assets.xcassets */; };
		8B6CEB0420AD701100038231 /* LaunchScreen.storyboard in Resources */ = {isa = PBXBuildFile; fileRef = 8B6CEB0220AD701100038231 /* LaunchScreen.storyboard */; };
		8B816F5520C5D47200ABA741 /* ProfileViewController.swift in Sources */ = {isa = PBXBuildFile; fileRef = 8B816F5420C5D47200ABA741 /* ProfileViewController.swift */; };
		8B816F5720C5E98D00ABA741 /* SendTotViewController.swift in Sources */ = {isa = PBXBuildFile; fileRef = 8B816F5620C5E98D00ABA741 /* SendTotViewController.swift */; };
		CD169C1C57900627D1FE2C69 /* Pods_TotterIos.framework in Frameworks */ = {isa = PBXBuildFile; fileRef = D5CF37C2703B60F3BBE00513 /* Pods_TotterIos.framework */; };
/* End PBXBuildFile section */

/* Begin PBXFileReference section */
		382256AF5AC50CF32EFBDD8F /* Pods-TotterIos.release.xcconfig */ = {isa = PBXFileReference; includeInIndex = 1; lastKnownFileType = text.xcconfig; name = "Pods-TotterIos.release.xcconfig"; path = "Pods/Target Support Files/Pods-TotterIos/Pods-TotterIos.release.xcconfig"; sourceTree = "<group>"; };
		8B2B9CB120AEDE1100E7D11B /* TotsViewController.swift */ = {isa = PBXFileReference; lastKnownFileType = sourcecode.swift; path = TotsViewController.swift; sourceTree = "<group>"; };
		8B2B9CB320AEE7F100E7D11B /* SignUpViewController.swift */ = {isa = PBXFileReference; lastKnownFileType = sourcecode.swift; path = SignUpViewController.swift; sourceTree = "<group>"; };
		8B3336F720AF10620089CB60 /* TotTableViewCell.swift */ = {isa = PBXFileReference; lastKnownFileType = sourcecode.swift; path = TotTableViewCell.swift; sourceTree = "<group>"; };
		8B3336FB20AF1DE10089CB60 /* Message.swift */ = {isa = PBXFileReference; lastKnownFileType = sourcecode.swift; path = Message.swift; sourceTree = "<group>"; };
		8B3336FD20AF1E840089CB60 /* User.swift */ = {isa = PBXFileReference; lastKnownFileType = sourcecode.swift; path = User.swift; sourceTree = "<group>"; };
		8B3336FF20AF20EC0089CB60 /* Header.swift */ = {isa = PBXFileReference; lastKnownFileType = sourcecode.swift; path = Header.swift; sourceTree = "<group>"; };
		8B6CEAF620AD701100038231 /* TotterIos.app */ = {isa = PBXFileReference; explicitFileType = wrapper.application; includeInIndex = 0; path = TotterIos.app; sourceTree = BUILT_PRODUCTS_DIR; };
		8B6CEAF920AD701100038231 /* AppDelegate.swift */ = {isa = PBXFileReference; lastKnownFileType = sourcecode.swift; path = AppDelegate.swift; sourceTree = "<group>"; };
		8B6CEAFB20AD701100038231 /* ViewController.swift */ = {isa = PBXFileReference; lastKnownFileType = sourcecode.swift; path = ViewController.swift; sourceTree = "<group>"; };
		8B6CEAFE20AD701100038231 /* Base */ = {isa = PBXFileReference; lastKnownFileType = file.storyboard; name = Base; path = Base.lproj/Main.storyboard; sourceTree = "<group>"; };
		8B6CEB0020AD701100038231 /* Assets.xcassets */ = {isa = PBXFileReference; lastKnownFileType = folder.assetcatalog; path = Assets.xcassets; sourceTree = "<group>"; };
		8B6CEB0320AD701100038231 /* Base */ = {isa = PBXFileReference; lastKnownFileType = file.storyboard; name = Base; path = Base.lproj/LaunchScreen.storyboard; sourceTree = "<group>"; };
		8B6CEB0520AD701100038231 /* Info.plist */ = {isa = PBXFileReference; lastKnownFileType = text.plist.xml; path = Info.plist; sourceTree = "<group>"; };
		8B816F5420C5D47200ABA741 /* ProfileViewController.swift */ = {isa = PBXFileReference; lastKnownFileType = sourcecode.swift; path = ProfileViewController.swift; sourceTree = "<group>"; };
		8B816F5620C5E98D00ABA741 /* SendTotViewController.swift */ = {isa = PBXFileReference; lastKnownFileType = sourcecode.swift; path = SendTotViewController.swift; sourceTree = "<group>"; };
		D5CF37C2703B60F3BBE00513 /* Pods_TotterIos.framework */ = {isa = PBXFileReference; explicitFileType = wrapper.framework; includeInIndex = 0; path = Pods_TotterIos.framework; sourceTree = BUILT_PRODUCTS_DIR; };
		F3FDFB1978AB0F6BF504E182 /* Pods-TotterIos.debug.xcconfig */ = {isa = PBXFileReference; includeInIndex = 1; lastKnownFileType = text.xcconfig; name = "Pods-TotterIos.debug.xcconfig"; path = "Pods/Target Support Files/Pods-TotterIos/Pods-TotterIos.debug.xcconfig"; sourceTree = "<group>"; };
/* End PBXFileReference section */

/* Begin PBXFrameworksBuildPhase section */
		8B6CEAF320AD701100038231 /* Frameworks */ = {
			isa = PBXFrameworksBuildPhase;
			buildActionMask = 2147483647;
			files = (
				CD169C1C57900627D1FE2C69 /* Pods_TotterIos.framework in Frameworks */,
			);
			runOnlyForDeploymentPostprocessing = 0;
		};
/* End PBXFrameworksBuildPhase section */

/* Begin PBXGroup section */
		4A59C433129F3A9762702D7F /* Frameworks */ = {
			isa = PBXGroup;
			children = (
				D5CF37C2703B60F3BBE00513 /* Pods_TotterIos.framework */,
			);
			name = Frameworks;
			sourceTree = "<group>";
		};
		8B6CEAED20AD701100038231 = {
			isa = PBXGroup;
			children = (
				8B6CEAF820AD701100038231 /* TotterIos */,
				8B6CEAF720AD701100038231 /* Products */,
				D66A36357E0D9D5B76EB25CA /* Pods */,
				4A59C433129F3A9762702D7F /* Frameworks */,
			);
			sourceTree = "<group>";
		};
		8B6CEAF720AD701100038231 /* Products */ = {
			isa = PBXGroup;
			children = (
				8B6CEAF620AD701100038231 /* TotterIos.app */,
			);
			name = Products;
			sourceTree = "<group>";
		};
		8B6CEAF820AD701100038231 /* TotterIos */ = {
			isa = PBXGroup;
			children = (
				8B6CEAF920AD701100038231 /* AppDelegate.swift */,
				8B6CEAFB20AD701100038231 /* ViewController.swift */,
				8B6CEAFD20AD701100038231 /* Main.storyboard */,
				8B6CEB0020AD701100038231 /* Assets.xcassets */,
				8B6CEB0220AD701100038231 /* LaunchScreen.storyboard */,
				8B6CEB0520AD701100038231 /* Info.plist */,
				8B2B9CB120AEDE1100E7D11B /* TotsViewController.swift */,
				8B2B9CB320AEE7F100E7D11B /* SignUpViewController.swift */,
				8B3336F720AF10620089CB60 /* TotTableViewCell.swift */,
				8B3336FB20AF1DE10089CB60 /* Message.swift */,
				8B3336FD20AF1E840089CB60 /* User.swift */,
				8B3336FF20AF20EC0089CB60 /* Header.swift */,
				8B816F5420C5D47200ABA741 /* ProfileViewController.swift */,
				8B816F5620C5E98D00ABA741 /* SendTotViewController.swift */,
			);
			path = TotterIos;
			sourceTree = "<group>";
		};
		D66A36357E0D9D5B76EB25CA /* Pods */ = {
			isa = PBXGroup;
			children = (
				F3FDFB1978AB0F6BF504E182 /* Pods-TotterIos.debug.xcconfig */,
				382256AF5AC50CF32EFBDD8F /* Pods-TotterIos.release.xcconfig */,
			);
			name = Pods;
			sourceTree = "<group>";
		};
/* End PBXGroup section */

/* Begin PBXNativeTarget section */
		8B6CEAF520AD701100038231 /* TotterIos */ = {
			isa = PBXNativeTarget;
			buildConfigurationList = 8B6CEB0820AD701100038231 /* Build configuration list for PBXNativeTarget "TotterIos" */;
			buildPhases = (
				794C98DCCAD48A28BDB7DCC0 /* [CP] Check Pods Manifest.lock */,
				8B6CEAF220AD701100038231 /* Sources */,
				8B6CEAF320AD701100038231 /* Frameworks */,
				8B6CEAF420AD701100038231 /* Resources */,
				DCCBFBC5A27C82A4FA4CE1C0 /* [CP] Embed Pods Frameworks */,
			);
			buildRules = (
			);
			dependencies = (
			);
			name = TotterIos;
			productName = TotterIos;
			productReference = 8B6CEAF620AD701100038231 /* TotterIos.app */;
			productType = "com.apple.product-type.application";
		};
/* End PBXNativeTarget section */

/* Begin PBXProject section */
		8B6CEAEE20AD701100038231 /* Project object */ = {
			isa = PBXProject;
			attributes = {
				LastSwiftUpdateCheck = 0910;
				LastUpgradeCheck = 0910;
				ORGANIZATIONNAME = Ynov;
				TargetAttributes = {
					8B6CEAF520AD701100038231 = {
						CreatedOnToolsVersion = 9.1;
						ProvisioningStyle = Automatic;
					};
				};
			};
			buildConfigurationList = 8B6CEAF120AD701100038231 /* Build configuration list for PBXProject "TotterIos" */;
			compatibilityVersion = "Xcode 8.0";
			developmentRegion = en;
			hasScannedForEncodings = 0;
			knownRegions = (
				en,
				Base,
			);
			mainGroup = 8B6CEAED20AD701100038231;
			productRefGroup = 8B6CEAF720AD701100038231 /* Products */;
			projectDirPath = "";
			projectRoot = "";
			targets = (
				8B6CEAF520AD701100038231 /* TotterIos */,
			);
		};
/* End PBXProject section */

/* Begin PBXResourcesBuildPhase section */
		8B6CEAF420AD701100038231 /* Resources */ = {
			isa = PBXResourcesBuildPhase;
			buildActionMask = 2147483647;
			files = (
				8B6CEB0420AD701100038231 /* LaunchScreen.storyboard in Resources */,
				8B6CEB0120AD701100038231 /* Assets.xcassets in Resources */,
				8B6CEAFF20AD701100038231 /* Main.storyboard in Resources */,
			);
			runOnlyForDeploymentPostprocessing = 0;
		};
/* End PBXResourcesBuildPhase section */

/* Begin PBXShellScriptBuildPhase section */
		794C98DCCAD48A28BDB7DCC0 /* [CP] Check Pods Manifest.lock */ = {
			isa = PBXShellScriptBuildPhase;
			buildActionMask = 2147483647;
			files = (
			);
			inputPaths = (
				"${PODS_PODFILE_DIR_PATH}/Podfile.lock",
				"${PODS_ROOT}/Manifest.lock",
			);
			name = "[CP] Check Pods Manifest.lock";
			outputPaths = (
				"$(DERIVED_FILE_DIR)/Pods-TotterIos-checkManifestLockResult.txt",
			);
			runOnlyForDeploymentPostprocessing = 0;
			shellPath = /bin/sh;
			shellScript = "diff \"${PODS_PODFILE_DIR_PATH}/Podfile.lock\" \"${PODS_ROOT}/Manifest.lock\" > /dev/null\nif [ $? != 0 ] ; then\n    # print error to STDERR\n    echo \"error: The sandbox is not in sync with the Podfile.lock. Run 'pod install' or update your CocoaPods installation.\" >&2\n    exit 1\nfi\n# This output is used by Xcode 'outputs' to avoid re-running this script phase.\necho \"SUCCESS\" > \"${SCRIPT_OUTPUT_FILE_0}\"\n";
			showEnvVarsInLog = 0;
		};
		DCCBFBC5A27C82A4FA4CE1C0 /* [CP] Embed Pods Frameworks */ = {
			isa = PBXShellScriptBuildPhase;
			buildActionMask = 2147483647;
			files = (
			);
			inputPaths = (
				"${SRCROOT}/Pods/Target Support Files/Pods-TotterIos/Pods-TotterIos-frameworks.sh",
				"${BUILT_PRODUCTS_DIR}/Alamofire/Alamofire.framework",
				"${BUILT_PRODUCTS_DIR}/KeychainSwift/KeychainSwift.framework",
				"${BUILT_PRODUCTS_DIR}/SwiftyJSON/SwiftyJSON.framework",
			);
			name = "[CP] Embed Pods Frameworks";
			outputPaths = (
				"${TARGET_BUILD_DIR}/${FRAMEWORKS_FOLDER_PATH}/Alamofire.framework",
				"${TARGET_BUILD_DIR}/${FRAMEWORKS_FOLDER_PATH}/KeychainSwift.framework",
				"${TARGET_BUILD_DIR}/${FRAMEWORKS_FOLDER_PATH}/SwiftyJSON.framework",
			);
			runOnlyForDeploymentPostprocessing = 0;
			shellPath = /bin/sh;
			shellScript = "\"${SRCROOT}/Pods/Target Support Files/Pods-TotterIos/Pods-TotterIos-frameworks.sh\"\n";
			showEnvVarsInLog = 0;
		};
/* End PBXShellScriptBuildPhase section */

/* Begin PBXSourcesBuildPhase section */
		8B6CEAF220AD701100038231 /* Sources */ = {
			isa = PBXSourcesBuildPhase;
			buildActionMask = 2147483647;
			files = (
				8B816F5720C5E98D00ABA741 /* SendTotViewController.swift in Sources */,
				8B33370020AF20EC0089CB60 /* Header.swift in Sources */,
				8B6CEAFC20AD701100038231 /* ViewController.swift in Sources */,
				8B2B9CB220AEDE1100E7D11B /* TotsViewController.swift in Sources */,
				8B3336F820AF10620089CB60 /* TotTableViewCell.swift in Sources */,
				8B3336FC20AF1DE10089CB60 /* Message.swift in Sources */,
				8B2B9CB420AEE7F100E7D11B /* SignUpViewController.swift in Sources */,
				8B816F5520C5D47200ABA741 /* ProfileViewController.swift in Sources */,
				8B6CEAFA20AD701100038231 /* AppDelegate.swift in Sources */,
				8B3336FE20AF1E840089CB60 /* User.swift in Sources */,
			);
			runOnlyForDeploymentPostprocessing = 0;
		};
/* End PBXSourcesBuildPhase section */

/* Begin PBXVariantGroup section */
		8B6CEAFD20AD701100038231 /* Main.storyboard */ = {
			isa = PBXVariantGroup;
			children = (
				8B6CEAFE20AD701100038231 /* Base */,
			);
			name = Main.storyboard;
			sourceTree = "<group>";
		};
		8B6CEB0220AD701100038231 /* LaunchScreen.storyboard */ = {
			isa = PBXVariantGroup;
			children = (
				8B6CEB0320AD701100038231 /* Base */,
			);
			name = LaunchScreen.storyboard;
			sourceTree = "<group>";
		};
/* End PBXVariantGroup section */

/* Begin XCBuildConfiguration section */
		8B6CEB0620AD701100038231 /* Debug */ = {
			isa = XCBuildConfiguration;
			buildSettings = {
				ALWAYS_SEARCH_USER_PATHS = NO;
				CLANG_ANALYZER_NONNULL = YES;
				CLANG_ANALYZER_NUMBER_OBJECT_CONVERSION = YES_AGGRESSIVE;
				CLANG_CXX_LANGUAGE_STANDARD = "gnu++14";
				CLANG_CXX_LIBRARY = "libc++";
				CLANG_ENABLE_MODULES = YES;
				CLANG_ENABLE_OBJC_ARC = YES;
				CLANG_WARN_BLOCK_CAPTURE_AUTORELEASING = YES;
				CLANG_WARN_BOOL_CONVERSION = YES;
				CLANG_WARN_COMMA = YES;
				CLANG_WARN_CONSTANT_CONVERSION = YES;
				CLANG_WARN_DIRECT_OBJC_ISA_USAGE = YES_ERROR;
				CLANG_WARN_DOCUMENTATION_COMMENTS = YES;
				CLANG_WARN_EMPTY_BODY = YES;
				CLANG_WARN_ENUM_CONVERSION = YES;
				CLANG_WARN_INFINITE_RECURSION = YES;
				CLANG_WARN_INT_CONVERSION = YES;
				CLANG_WARN_NON_LITERAL_NULL_CONVERSION = YES;
				CLANG_WARN_OBJC_LITERAL_CONVERSION = YES;
				CLANG_WARN_OBJC_ROOT_CLASS = YES_ERROR;
				CLANG_WARN_RANGE_LOOP_ANALYSIS = YES;
				CLANG_WARN_STRICT_PROTOTYPES = YES;
				CLANG_WARN_SUSPICIOUS_MOVE = YES;
				CLANG_WARN_UNGUARDED_AVAILABILITY = YES_AGGRESSIVE;
				CLANG_WARN_UNREACHABLE_CODE = YES;
				CLANG_WARN__DUPLICATE_METHOD_MATCH = YES;
				CODE_SIGN_IDENTITY = "iPhone Developer";
				COPY_PHASE_STRIP = NO;
				DEBUG_INFORMATION_FORMAT = dwarf;
				ENABLE_STRICT_OBJC_MSGSEND = YES;
				ENABLE_TESTABILITY = YES;
				GCC_C_LANGUAGE_STANDARD = gnu11;
				GCC_DYNAMIC_NO_PIC = NO;
				GCC_NO_COMMON_BLOCKS = YES;
				GCC_OPTIMIZATION_LEVEL = 0;
				GCC_PREPROCESSOR_DEFINITIONS = (
					"DEBUG=1",
					"$(inherited)",
				);
				GCC_WARN_64_TO_32_BIT_CONVERSION = YES;
				GCC_WARN_ABOUT_RETURN_TYPE = YES_ERROR;
				GCC_WARN_UNDECLARED_SELECTOR = YES;
				GCC_WARN_UNINITIALIZED_AUTOS = YES_AGGRESSIVE;
				GCC_WARN_UNUSED_FUNCTION = YES;
				GCC_WARN_UNUSED_VARIABLE = YES;
				IPHONEOS_DEPLOYMENT_TARGET = 11.1;
				MTL_ENABLE_DEBUG_INFO = YES;
				ONLY_ACTIVE_ARCH = YES;
				SDKROOT = iphoneos;
				SWIFT_ACTIVE_COMPILATION_CONDITIONS = DEBUG;
				SWIFT_OPTIMIZATION_LEVEL = "-Onone";
			};
			name = Debug;
		};
		8B6CEB0720AD701100038231 /* Release */ = {
			isa = XCBuildConfiguration;
			buildSettings = {
				ALWAYS_SEARCH_USER_PATHS = NO;
				CLANG_ANALYZER_NONNULL = YES;
				CLANG_ANALYZER_NUMBER_OBJECT_CONVERSION = YES_AGGRESSIVE;
				CLANG_CXX_LANGUAGE_STANDARD = "gnu++14";
				CLANG_CXX_LIBRARY = "libc++";
				CLANG_ENABLE_MODULES = YES;
				CLANG_ENABLE_OBJC_ARC = YES;
				CLANG_WARN_BLOCK_CAPTURE_AUTORELEASING = YES;
				CLANG_WARN_BOOL_CONVERSION = YES;
				CLANG_WARN_COMMA = YES;
				CLANG_WARN_CONSTANT_CONVERSION = YES;
				CLANG_WARN_DIRECT_OBJC_ISA_USAGE = YES_ERROR;
				CLANG_WARN_DOCUMENTATION_COMMENTS = YES;
				CLANG_WARN_EMPTY_BODY = YES;
				CLANG_WARN_ENUM_CONVERSION = YES;
				CLANG_WARN_INFINITE_RECURSION = YES;
				CLANG_WARN_INT_CONVERSION = YES;
				CLANG_WARN_NON_LITERAL_NULL_CONVERSION = YES;
				CLANG_WARN_OBJC_LITERAL_CONVERSION = YES;
				CLANG_WARN_OBJC_ROOT_CLASS = YES_ERROR;
				CLANG_WARN_RANGE_LOOP_ANALYSIS = YES;
				CLANG_WARN_STRICT_PROTOTYPES = YES;
				CLANG_WARN_SUSPICIOUS_MOVE = YES;
				CLANG_WARN_UNGUARDED_AVAILABILITY = YES_AGGRESSIVE;
				CLANG_WARN_UNREACHABLE_CODE = YES;
				CLANG_WARN__DUPLICATE_METHOD_MATCH = YES;
				CODE_SIGN_IDENTITY = "iPhone Developer";
				COPY_PHASE_STRIP = NO;
				DEBUG_INFORMATION_FORMAT = "dwarf-with-dsym";
				ENABLE_NS_ASSERTIONS = NO;
				ENABLE_STRICT_OBJC_MSGSEND = YES;
				GCC_C_LANGUAGE_STANDARD = gnu11;
				GCC_NO_COMMON_BLOCKS = YES;
				GCC_WARN_64_TO_32_BIT_CONVERSION = YES;
				GCC_WARN_ABOUT_RETURN_TYPE = YES_ERROR;
				GCC_WARN_UNDECLARED_SELECTOR = YES;
				GCC_WARN_UNINITIALIZED_AUTOS = YES_AGGRESSIVE;
				GCC_WARN_UNUSED_FUNCTION = YES;
				GCC_WARN_UNUSED_VARIABLE = YES;
				IPHONEOS_DEPLOYMENT_TARGET = 11.1;
				MTL_ENABLE_DEBUG_INFO = NO;
				SDKROOT = iphoneos;
				SWIFT_OPTIMIZATION_LEVEL = "-Owholemodule";
				VALIDATE_PRODUCT = YES;
			};
			name = Release;
		};
		8B6CEB0920AD701100038231 /* Debug */ = {
			isa = XCBuildConfiguration;
			baseConfigurationReference = F3FDFB1978AB0F6BF504E182 /* Pods-TotterIos.debug.xcconfig */;
			buildSettings = {
				ASSETCATALOG_COMPILER_APPICON_NAME = AppIcon;
				CODE_SIGN_STYLE = Automatic;
				INFOPLIST_FILE = TotterIos/Info.plist;
				LD_RUNPATH_SEARCH_PATHS = "$(inherited) @executable_path/Frameworks";
				PRODUCT_BUNDLE_IDENTIFIER = fr.ynov.swift.TotterIos;
				PRODUCT_NAME = "$(TARGET_NAME)";
				SWIFT_VERSION = 4.0;
				TARGETED_DEVICE_FAMILY = "1,2";
			};
			name = Debug;
		};
		8B6CEB0A20AD701100038231 /* Release */ = {
			isa = XCBuildConfiguration;
			baseConfigurationReference = 382256AF5AC50CF32EFBDD8F /* Pods-TotterIos.release.xcconfig */;
			buildSettings = {
				ASSETCATALOG_COMPILER_APPICON_NAME = AppIcon;
				CODE_SIGN_STYLE = Automatic;
				INFOPLIST_FILE = TotterIos/Info.plist;
				LD_RUNPATH_SEARCH_PATHS = "$(inherited) @executable_path/Frameworks";
				PRODUCT_BUNDLE_IDENTIFIER = fr.ynov.swift.TotterIos;
				PRODUCT_NAME = "$(TARGET_NAME)";
				SWIFT_VERSION = 4.0;
				TARGETED_DEVICE_FAMILY = "1,2";
			};
			name = Release;
		};
/* End XCBuildConfiguration section */

/* Begin XCConfigurationList section */
		8B6CEAF120AD701100038231 /* Build configuration list for PBXProject "TotterIos" */ = {
			isa = XCConfigurationList;
			buildConfigurations = (
				8B6CEB0620AD701100038231 /* Debug */,
				8B6CEB0720AD701100038231 /* Release */,
			);
			defaultConfigurationIsVisible = 0;
			defaultConfigurationName = Release;
		};
		8B6CEB0820AD701100038231 /* Build configuration list for PBXNativeTarget "TotterIos" */ = {
			isa = XCConfigurationList;
			buildConfigurations = (
				8B6CEB0920AD701100038231 /* Debug */,
				8B6CEB0A20AD701100038231 /* Release */,
			);
			defaultConfigurationIsVisible = 0;
			defaultConfigurationName = Release;
		};
/* End XCConfigurationList section */
	};
	rootObject = 8B6CEAEE20AD701100038231 /* Project object */;
}
